
Microsoft Visual Studio Solution File, Format Version 12.00
# Visual Studio Version 17
VisualStudioVersion = 17.2.32516.85
MinimumVisualStudioVersion = 10.0.40219.1
Project("{8BC9CEB8-8B4A-11D0-8D11-00A0C91BC942}") = "Lab2-Ex1", "Lab2\Lab2.vcxproj", "{F3BD2955-D2AB-4417-8061-0BB9D6A5F88D}"
EndProject
Project("{8BC9CEB8-8B4A-11D0-8D11-00A0C91BC942}") = "Lab2-Ex2", "Lab2-Ex2\Lab2-Ex2.vcxproj", "{1AD278E3-5DE2-49A6-AEE6-7741FEB09B92}"
EndProject
Project("{8BC9CEB8-8B4A-11D0-8D11-00A0C91BC942}") = "Lab2-Ex3", "Lab2-Ex3\Lab2-Ex3.vcxproj", "{E3B81637-12D3-43FD-AF78-7FDADB0E4825}"
EndProject
Project("{8BC9CEB8-8B4A-11D0-8D11-00A0C91BC942}") = "Lab2-Ex4", "Lab2-Ex4\Lab2-Ex4.vcxproj", "{051196A2-833B-458D-AE56-DF256283DFAA}"
EndProject
Project("{8BC9CEB8-8B4A-11D0-8D11-00A0C91BC942}") = "Lab2-Ex5", "Lab2-Ex5\Lab2-Ex5.vcxproj", "{CDD13440-2835-4921-8AE2-7785210F341C}"
EndProject
Project("{8BC9CEB8-8B4A-11D0-8D11-00A0C91BC942}") = "Lab2-Ex6", "Lab2-Ex6\Lab2-Ex6.vcxproj", "{6AAD40BC-EAC8-4BCA-B990-FC8E496DD58A}"
EndProject
Project("{8BC9CEB8-8B4A-11D0-8D11-00A0C91BC942}") = "Lab2-Ex7", "Lab2-Ex7\Lab2-Ex7.vcxproj", "{79136C3D-7534-4700-9AC5-3556BB8FB043}"
EndProject
Project("{8BC9CEB8-8B4A-11D0-8D11-00A0C91BC942}") = "Lab2-Ex8", "Lab2-Ex8\Lab2-Ex8.vcxproj", "{D69C864C-D453-4462-BE67-37148E4990B1}"
EndProject
Global
	GlobalSection(SolutionConfigurationPlatforms) = preSolution
		Debug|x64 = Debug|x64
		Debug|x86 = Debug|x86
		Release|x64 = Release|x64
		Release|x86 = Release|x86
	EndGlobalSection
	GlobalSection(ProjectConfigurationPlatforms) = postSolution
		{F3BD2955-D2AB-4417-8061-0BB9D6A5F88D}.Debug|x64.ActiveCfg = Debug|x64
		{F3BD2955-D2AB-4417-8061-0BB9D6A5F88D}.Debug|x64.Build.0 = Debug|x64
		{F3BD2955-D2AB-4417-8061-0BB9D6A5F88D}.Debug|x86.ActiveCfg = Debug|Win32
		{F3BD2955-D2AB-4417-8061-0BB9D6A5F88D}.Debug|x86.Build.0 = Debug|Win32
		{F3BD2955-D2AB-4417-8061-0BB9D6A5F88D}.Release|x64.ActiveCfg = Release|x64
		{F3BD2955-D2AB-4417-8061-0BB9D6A5F88D}.Release|x64.Build.0 = Release|x64
		{F3BD2955-D2AB-4417-8061-0BB9D6A5F88D}.Release|x86.ActiveCfg = Release|Win32
		{F3BD2955-D2AB-4417-8061-0BB9D6A5F88D}.Release|x86.Build.0 = Release|Win32
		{1AD278E3-5DE2-49A6-AEE6-7741FEB09B92}.Debug|x64.ActiveCfg = Debug|x64
		{1AD278E3-5DE2-49A6-AEE6-7741FEB09B92}.Debug|x64.Build.0 = Debug|x64
		{1AD278E3-5DE2-49A6-AEE6-7741FEB09B92}.Debug|x86.ActiveCfg = Debug|Win32
		{1AD278E3-5DE2-49A6-AEE6-7741FEB09B92}.Debug|x86.Build.0 = Debug|Win32
		{1AD278E3-5DE2-49A6-AEE6-7741FEB09B92}.Release|x64.ActiveCfg = Release|x64
		{1AD278E3-5DE2-49A6-AEE6-7741FEB09B92}.Release|x64.Build.0 = Release|x64
		{1AD278E3-5DE2-49A6-AEE6-7741FEB09B92}.Release|x86.ActiveCfg = Release|Win32
		{1AD278E3-5DE2-49A6-AEE6-7741FEB09B92}.Release|x86.Build.0 = Release|Win32
		{E3B81637-12D3-43FD-AF78-7FDADB0E4825}.Debug|x64.ActiveCfg = Debug|x64
		{E3B81637-12D3-43FD-AF78-7FDADB0E4825}.Debug|x64.Build.0 = Debug|x64
		{E3B81637-12D3-43FD-AF78-7FDADB0E4825}.Debug|x86.ActiveCfg = Debug|Win32
		{E3B81637-12D3-43FD-AF78-7FDADB0E4825}.Debug|x86.Build.0 = Debug|Win32
		{E3B81637-12D3-43FD-AF78-7FDADB0E4825}.Release|x64.ActiveCfg = Release|x64
		{E3B81637-12D3-43FD-AF78-7FDADB0E4825}.Release|x64.Build.0 = Release|x64
		{E3B81637-12D3-43FD-AF78-7FDADB0E4825}.Release|x86.ActiveCfg = Release|Win32
		{E3B81637-12D3-43FD-AF78-7FDADB0E4825}.Release|x86.Build.0 = Release|Win32
		{051196A2-833B-458D-AE56-DF256283DFAA}.Debug|x64.ActiveCfg = Debug|x64
		{051196A2-833B-458D-AE56-DF256283DFAA}.Debug|x64.Build.0 = Debug|x64
		{051196A2-833B-458D-AE56-DF256283DFAA}.Debug|x86.ActiveCfg = Debug|Win32
		{051196A2-833B-458D-AE56-DF256283DFAA}.Debug|x86.Build.0 = Debug|Win32
		{051196A2-833B-458D-AE56-DF256283DFAA}.Release|x64.ActiveCfg = Release|x64
		{051196A2-833B-458D-AE56-DF256283DFAA}.Release|x64.Build.0 = Release|x64
		{051196A2-833B-458D-AE56-DF256283DFAA}.Release|x86.ActiveCfg = Release|Win32
		{051196A2-833B-458D-AE56-DF256283DFAA}.Release|x86.Build.0 = Release|Win32
		{CDD13440-2835-4921-8AE2-7785210F341C}.Debug|x64.ActiveCfg = Debug|x64
		{CDD13440-2835-4921-8AE2-7785210F341C}.Debug|x64.Build.0 = Debug|x64
		{CDD13440-2835-4921-8AE2-7785210F341C}.Debug|x86.ActiveCfg = Debug|Win32
		{CDD13440-2835-4921-8AE2-7785210F341C}.Debug|x86.Build.0 = Debug|Win32
		{CDD13440-2835-4921-8AE2-7785210F341C}.Release|x64.ActiveCfg = Release|x64
		{CDD13440-2835-4921-8AE2-7785210F341C}.Release|x64.Build.0 = Release|x64
		{CDD13440-2835-4921-8AE2-7785210F341C}.Release|x86.ActiveCfg = Release|Win32
		{CDD13440-2835-4921-8AE2-7785210F341C}.Release|x86.Build.0 = Release|Win32
		{6AAD40BC-EAC8-4BCA-B990-FC8E496DD58A}.Debug|x64.ActiveCfg = Debug|x64
		{6AAD40BC-EAC8-4BCA-B990-FC8E496DD58A}.Debug|x64.Build.0 = Debug|x64
		{6AAD40BC-EAC8-4BCA-B990-FC8E496DD58A}.Debug|x86.ActiveCfg = Debug|Win32
		{6AAD40BC-EAC8-4BCA-B990-FC8E496DD58A}.Debug|x86.Build.0 = Debug|Win32
		{6AAD40BC-EAC8-4BCA-B990-FC8E496DD58A}.Release|x64.ActiveCfg = Release|x64
		{6AAD40BC-EAC8-4BCA-B990-FC8E496DD58A}.Release|x64.Build.0 = Release|x64
		{6AAD40BC-EAC8-4BCA-B990-FC8E496DD58A}.Release|x86.ActiveCfg = Release|Win32
		{6AAD40BC-EAC8-4BCA-B990-FC8E496DD58A}.Release|x86.Build.0 = Release|Win32
		{79136C3D-7534-4700-9AC5-3556BB8FB043}.Debug|x64.ActiveCfg = Debug|x64
		{79136C3D-7534-4700-9AC5-3556BB8FB043}.Debug|x64.Build.0 = Debug|x64
		{79136C3D-7534-4700-9AC5-3556BB8FB043}.Debug|x86.ActiveCfg = Debug|Win32
		{79136C3D-7534-4700-9AC5-3556BB8FB043}.Debug|x86.Build.0 = Debug|Win32
		{79136C3D-7534-4700-9AC5-3556BB8FB043}.Release|x64.ActiveCfg = Release|x64
		{79136C3D-7534-4700-9AC5-3556BB8FB043}.Release|x64.Build.0 = Release|x64
		{79136C3D-7534-4700-9AC5-3556BB8FB043}.Release|x86.ActiveCfg = Release|Win32
		{79136C3D-7534-4700-9AC5-3556BB8FB043}.Release|x86.Build.0 = Release|Win32
		{D69C864C-D453-4462-BE67-37148E4990B1}.Debug|x64.ActiveCfg = Debug|x64
		{D69C864C-D453-4462-BE67-37148E4990B1}.Debug|x64.Build.0 = Debug|x64
		{D69C864C-D453-4462-BE67-37148E4990B1}.Debug|x86.ActiveCfg = Debug|Win32
		{D69C864C-D453-4462-BE67-37148E4990B1}.Debug|x86.Build.0 = Debug|Win32
		{D69C864C-D453-4462-BE67-37148E4990B1}.Release|x64.ActiveCfg = Release|x64
		{D69C864C-D453-4462-BE67-37148E4990B1}.Release|x64.Build.0 = Release|x64
		{D69C864C-D453-4462-BE67-37148E4990B1}.Release|x86.ActiveCfg = Release|Win32
		{D69C864C-D453-4462-BE67-37148E4990B1}.Release|x86.Build.0 = Release|Win32
	EndGlobalSection
	GlobalSection(SolutionProperties) = preSolution
		HideSolutionNode = FALSE
	EndGlobalSection
	GlobalSection(ExtensibilityGlobals) = postSolution
		SolutionGuid = {823B6B2B-3317-4B73-8F12-645D2E505E93}
	EndGlobalSection
EndGlobal
